// !$*UTF8*$!
{
	archiveVersion = 1;
	classes = {
	};
	objectVersion = 46;
	objects = {

/* Begin PBXBuildFile section */
		4D38904118D7527F00D98891 /* JFEMnemo.m in Sources */ = {isa = PBXBuildFile; fileRef = 4D38904018D7527F00D98891 /* JFEMnemo.m */; };
		4D38904218D7527F00D98891 /* JFEMnemo.m in Sources */ = {isa = PBXBuildFile; fileRef = 4D38904018D7527F00D98891 /* JFEMnemo.m */; };
		4D3D293418D726CE008DFEDE /* Foundation.framework in Frameworks */ = {isa = PBXBuildFile; fileRef = 4D3D293318D726CE008DFEDE /* Foundation.framework */; };
		4D3D293618D726CE008DFEDE /* CoreGraphics.framework in Frameworks */ = {isa = PBXBuildFile; fileRef = 4D3D293518D726CE008DFEDE /* CoreGraphics.framework */; };
		4D3D293818D726CE008DFEDE /* UIKit.framework in Frameworks */ = {isa = PBXBuildFile; fileRef = 4D3D293718D726CE008DFEDE /* UIKit.framework */; };
		4D3D293E18D726CE008DFEDE /* InfoPlist.strings in Resources */ = {isa = PBXBuildFile; fileRef = 4D3D293C18D726CE008DFEDE /* InfoPlist.strings */; };
		4D3D294018D726CE008DFEDE /* main.m in Sources */ = {isa = PBXBuildFile; fileRef = 4D3D293F18D726CE008DFEDE /* main.m */; };
		4D3D294418D726CE008DFEDE /* JFEAppDelegate.m in Sources */ = {isa = PBXBuildFile; fileRef = 4D3D294318D726CE008DFEDE /* JFEAppDelegate.m */; };
		4D3D294618D726CE008DFEDE /* Images.xcassets in Resources */ = {isa = PBXBuildFile; fileRef = 4D3D294518D726CE008DFEDE /* Images.xcassets */; };
		4D3D294D18D726CE008DFEDE /* XCTest.framework in Frameworks */ = {isa = PBXBuildFile; fileRef = 4D3D294C18D726CE008DFEDE /* XCTest.framework */; };
		4D3D294E18D726CE008DFEDE /* Foundation.framework in Frameworks */ = {isa = PBXBuildFile; fileRef = 4D3D293318D726CE008DFEDE /* Foundation.framework */; };
		4D3D294F18D726CE008DFEDE /* UIKit.framework in Frameworks */ = {isa = PBXBuildFile; fileRef = 4D3D293718D726CE008DFEDE /* UIKit.framework */; };
		4D3D295718D726CE008DFEDE /* InfoPlist.strings in Resources */ = {isa = PBXBuildFile; fileRef = 4D3D295518D726CE008DFEDE /* InfoPlist.strings */; };
		4D3D295918D726CE008DFEDE /* MnemoTests.m in Sources */ = {isa = PBXBuildFile; fileRef = 4D3D295818D726CE008DFEDE /* MnemoTests.m */; };
/* End PBXBuildFile section */

/* Begin PBXContainerItemProxy section */
		4D3D295018D726CE008DFEDE /* PBXContainerItemProxy */ = {
			isa = PBXContainerItemProxy;
			containerPortal = 4D3D292818D726CE008DFEDE /* Project object */;
			proxyType = 1;
			remoteGlobalIDString = 4D3D292F18D726CE008DFEDE;
			remoteInfo = Mnemo;
		};
/* End PBXContainerItemProxy section */

/* Begin PBXFileReference section */
		4D38903F18D7527F00D98891 /* JFEMnemo.h */ = {isa = PBXFileReference; fileEncoding = 4; lastKnownFileType = sourcecode.c.h; path = JFEMnemo.h; sourceTree = "<group>"; };
		4D38904018D7527F00D98891 /* JFEMnemo.m */ = {isa = PBXFileReference; fileEncoding = 4; lastKnownFileType = sourcecode.c.objc; path = JFEMnemo.m; sourceTree = "<group>"; };
		4D3D293018D726CE008DFEDE /* Mnemo.app */ = {isa = PBXFileReference; explicitFileType = wrapper.application; includeInIndex = 0; path = Mnemo.app; sourceTree = BUILT_PRODUCTS_DIR; };
		4D3D293318D726CE008DFEDE /* Foundation.framework */ = {isa = PBXFileReference; lastKnownFileType = wrapper.framework; name = Foundation.framework; path = System/Library/Frameworks/Foundation.framework; sourceTree = SDKROOT; };
		4D3D293518D726CE008DFEDE /* CoreGraphics.framework */ = {isa = PBXFileReference; lastKnownFileType = wrapper.framework; name = CoreGraphics.framework; path = System/Library/Frameworks/CoreGraphics.framework; sourceTree = SDKROOT; };
		4D3D293718D726CE008DFEDE /* UIKit.framework */ = {isa = PBXFileReference; lastKnownFileType = wrapper.framework; name = UIKit.framework; path = System/Library/Frameworks/UIKit.framework; sourceTree = SDKROOT; };
		4D3D293B18D726CE008DFEDE /* Mnemo-Info.plist */ = {isa = PBXFileReference; lastKnownFileType = text.plist.xml; path = "Mnemo-Info.plist"; sourceTree = "<group>"; };
		4D3D293D18D726CE008DFEDE /* en */ = {isa = PBXFileReference; lastKnownFileType = text.plist.strings; name = en; path = en.lproj/InfoPlist.strings; sourceTree = "<group>"; };
		4D3D293F18D726CE008DFEDE /* main.m */ = {isa = PBXFileReference; lastKnownFileType = sourcecode.c.objc; path = main.m; sourceTree = "<group>"; };
		4D3D294118D726CE008DFEDE /* Mnemo-Prefix.pch */ = {isa = PBXFileReference; lastKnownFileType = sourcecode.c.h; path = "Mnemo-Prefix.pch"; sourceTree = "<group>"; };
		4D3D294218D726CE008DFEDE /* JFEAppDelegate.h */ = {isa = PBXFileReference; lastKnownFileType = sourcecode.c.h; path = JFEAppDelegate.h; sourceTree = "<group>"; };
		4D3D294318D726CE008DFEDE /* JFEAppDelegate.m */ = {isa = PBXFileReference; lastKnownFileType = sourcecode.c.objc; path = JFEAppDelegate.m; sourceTree = "<group>"; };
		4D3D294518D726CE008DFEDE /* Images.xcassets */ = {isa = PBXFileReference; lastKnownFileType = folder.assetcatalog; path = Images.xcassets; sourceTree = "<group>"; };
		4D3D294B18D726CE008DFEDE /* MnemoTests.xctest */ = {isa = PBXFileReference; explicitFileType = wrapper.cfbundle; includeInIndex = 0; path = MnemoTests.xctest; sourceTree = BUILT_PRODUCTS_DIR; };
		4D3D294C18D726CE008DFEDE /* XCTest.framework */ = {isa = PBXFileReference; lastKnownFileType = wrapper.framework; name = XCTest.framework; path = Library/Frameworks/XCTest.framework; sourceTree = DEVELOPER_DIR; };
		4D3D295418D726CE008DFEDE /* MnemoTests-Info.plist */ = {isa = PBXFileReference; lastKnownFileType = text.plist.xml; path = "MnemoTests-Info.plist"; sourceTree = "<group>"; };
		4D3D295618D726CE008DFEDE /* en */ = {isa = PBXFileReference; lastKnownFileType = text.plist.strings; name = en; path = en.lproj/InfoPlist.strings; sourceTree = "<group>"; };
		4D3D295818D726CE008DFEDE /* MnemoTests.m */ = {isa = PBXFileReference; lastKnownFileType = sourcecode.c.objc; path = MnemoTests.m; sourceTree = "<group>"; };
/* End PBXFileReference section */

/* Begin PBXFrameworksBuildPhase section */
		4D3D292D18D726CE008DFEDE /* Frameworks */ = {
			isa = PBXFrameworksBuildPhase;
			buildActionMask = 2147483647;
			files = (
				4D3D293618D726CE008DFEDE /* CoreGraphics.framework in Frameworks */,
				4D3D293818D726CE008DFEDE /* UIKit.framework in Frameworks */,
				4D3D293418D726CE008DFEDE /* Foundation.framework in Frameworks */,
			);
			runOnlyForDeploymentPostprocessing = 0;
		};
		4D3D294818D726CE008DFEDE /* Frameworks */ = {
			isa = PBXFrameworksBuildPhase;
			buildActionMask = 2147483647;
			files = (
				4D3D294D18D726CE008DFEDE /* XCTest.framework in Frameworks */,
				4D3D294F18D726CE008DFEDE /* UIKit.framework in Frameworks */,
				4D3D294E18D726CE008DFEDE /* Foundation.framework in Frameworks */,
			);
			runOnlyForDeploymentPostprocessing = 0;
		};
/* End PBXFrameworksBuildPhase section */

/* Begin PBXGroup section */
		4D38903E18D7527F00D98891 /* JFEMnemo */ = {
			isa = PBXGroup;
			children = (
				4D38903F18D7527F00D98891 /* JFEMnemo.h */,
				4D38904018D7527F00D98891 /* JFEMnemo.m */,
			);
			name = JFEMnemo;
			path = ../../JFEMnemo;
			sourceTree = "<group>";
		};
		4D3D292718D726CE008DFEDE = {
			isa = PBXGroup;
			children = (
				4D3D293918D726CE008DFEDE /* Mnemo */,
				4D3D295218D726CE008DFEDE /* MnemoTests */,
				4D3D293218D726CE008DFEDE /* Frameworks */,
				4D3D293118D726CE008DFEDE /* Products */,
			);
			sourceTree = "<group>";
		};
		4D3D293118D726CE008DFEDE /* Products */ = {
			isa = PBXGroup;
			children = (
				4D3D293018D726CE008DFEDE /* Mnemo.app */,
				4D3D294B18D726CE008DFEDE /* MnemoTests.xctest */,
			);
			name = Products;
			sourceTree = "<group>";
		};
		4D3D293218D726CE008DFEDE /* Frameworks */ = {
			isa = PBXGroup;
			children = (
				4D3D293318D726CE008DFEDE /* Foundation.framework */,
				4D3D293518D726CE008DFEDE /* CoreGraphics.framework */,
				4D3D293718D726CE008DFEDE /* UIKit.framework */,
				4D3D294C18D726CE008DFEDE /* XCTest.framework */,
			);
			name = Frameworks;
			sourceTree = "<group>";
		};
		4D3D293918D726CE008DFEDE /* Mnemo */ = {
			isa = PBXGroup;
			children = (
				4D38903E18D7527F00D98891 /* JFEMnemo */,
				4D3D294218D726CE008DFEDE /* JFEAppDelegate.h */,
				4D3D294318D726CE008DFEDE /* JFEAppDelegate.m */,
				4D3D294518D726CE008DFEDE /* Images.xcassets */,
				4D3D293A18D726CE008DFEDE /* Supporting Files */,
			);
			path = Mnemo;
			sourceTree = "<group>";
		};
		4D3D293A18D726CE008DFEDE /* Supporting Files */ = {
			isa = PBXGroup;
			children = (
				4D3D293B18D726CE008DFEDE /* Mnemo-Info.plist */,
				4D3D293C18D726CE008DFEDE /* InfoPlist.strings */,
				4D3D293F18D726CE008DFEDE /* main.m */,
				4D3D294118D726CE008DFEDE /* Mnemo-Prefix.pch */,
			);
			name = "Supporting Files";
			sourceTree = "<group>";
		};
		4D3D295218D726CE008DFEDE /* MnemoTests */ = {
			isa = PBXGroup;
			children = (
				4D3D295818D726CE008DFEDE /* MnemoTests.m */,
				4D3D295318D726CE008DFEDE /* Supporting Files */,
			);
			path = MnemoTests;
			sourceTree = "<group>";
		};
		4D3D295318D726CE008DFEDE /* Supporting Files */ = {
			isa = PBXGroup;
			children = (
				4D3D295418D726CE008DFEDE /* MnemoTests-Info.plist */,
				4D3D295518D726CE008DFEDE /* InfoPlist.strings */,
			);
			name = "Supporting Files";
			sourceTree = "<group>";
		};
/* End PBXGroup section */

/* Begin PBXNativeTarget section */
		4D3D292F18D726CE008DFEDE /* Mnemo */ = {
			isa = PBXNativeTarget;
			buildConfigurationList = 4D3D295C18D726CE008DFEDE /* Build configuration list for PBXNativeTarget "Mnemo" */;
			buildPhases = (
				4D3D292C18D726CE008DFEDE /* Sources */,
				4D3D292D18D726CE008DFEDE /* Frameworks */,
				4D3D292E18D726CE008DFEDE /* Resources */,
			);
			buildRules = (
			);
			dependencies = (
			);
			name = Mnemo;
			productName = Mnemo;
			productReference = 4D3D293018D726CE008DFEDE /* Mnemo.app */;
			productType = "com.apple.product-type.application";
		};
		4D3D294A18D726CE008DFEDE /* MnemoTests */ = {
			isa = PBXNativeTarget;
			buildConfigurationList = 4D3D295F18D726CE008DFEDE /* Build configuration list for PBXNativeTarget "MnemoTests" */;
			buildPhases = (
				4D3D294718D726CE008DFEDE /* Sources */,
				4D3D294818D726CE008DFEDE /* Frameworks */,
				4D3D294918D726CE008DFEDE /* Resources */,
			);
			buildRules = (
			);
			dependencies = (
				4D3D295118D726CE008DFEDE /* PBXTargetDependency */,
			);
			name = MnemoTests;
			productName = MnemoTests;
			productReference = 4D3D294B18D726CE008DFEDE /* MnemoTests.xctest */;
			productType = "com.apple.product-type.bundle.unit-test";
		};
/* End PBXNativeTarget section */

/* Begin PBXProject section */
		4D3D292818D726CE008DFEDE /* Project object */ = {
			isa = PBXProject;
			attributes = {
				CLASSPREFIX = JFE;
				LastUpgradeCheck = 0510;
				ORGANIZATIONNAME = "Jérome Freyre";
				TargetAttributes = {
					4D3D294A18D726CE008DFEDE = {
						TestTargetID = 4D3D292F18D726CE008DFEDE;
					};
				};
			};
			buildConfigurationList = 4D3D292B18D726CE008DFEDE /* Build configuration list for PBXProject "Mnemo" */;
			compatibilityVersion = "Xcode 3.2";
			developmentRegion = English;
			hasScannedForEncodings = 0;
			knownRegions = (
				en,
			);
			mainGroup = 4D3D292718D726CE008DFEDE;
			productRefGroup = 4D3D293118D726CE008DFEDE /* Products */;
			projectDirPath = "";
			projectRoot = "";
			targets = (
				4D3D292F18D726CE008DFEDE /* Mnemo */,
				4D3D294A18D726CE008DFEDE /* MnemoTests */,
			);
		};
/* End PBXProject section */

/* Begin PBXResourcesBuildPhase section */
		4D3D292E18D726CE008DFEDE /* Resources */ = {
			isa = PBXResourcesBuildPhase;
			buildActionMask = 2147483647;
			files = (
				4D3D293E18D726CE008DFEDE /* InfoPlist.strings in Resources */,
				4D3D294618D726CE008DFEDE /* Images.xcassets in Resources */,
			);
			runOnlyForDeploymentPostprocessing = 0;
		};
		4D3D294918D726CE008DFEDE /* Resources */ = {
			isa = PBXResourcesBuildPhase;
			buildActionMask = 2147483647;
			files = (
				4D3D295718D726CE008DFEDE /* InfoPlist.strings in Resources */,
			);
			runOnlyForDeploymentPostprocessing = 0;
		};
/* End PBXResourcesBuildPhase section */

/* Begin PBXSourcesBuildPhase section */
		4D3D292C18D726CE008DFEDE /* Sources */ = {
			isa = PBXSourcesBuildPhase;
			buildActionMask = 2147483647;
			files = (
				4D3D294418D726CE008DFEDE /* JFEAppDelegate.m in Sources */,
				4D3D294018D726CE008DFEDE /* main.m in Sources */,
				4D38904118D7527F00D98891 /* JFEMnemo.m in Sources */,
			);
			runOnlyForDeploymentPostprocessing = 0;
		};
		4D3D294718D726CE008DFEDE /* Sources */ = {
			isa = PBXSourcesBuildPhase;
			buildActionMask = 2147483647;
			files = (
				4D38904218D7527F00D98891 /* JFEMnemo.m in Sources */,
				4D3D295918D726CE008DFEDE /* MnemoTests.m in Sources */,
			);
			runOnlyForDeploymentPostprocessing = 0;
		};
/* End PBXSourcesBuildPhase section */

/* Begin PBXTargetDependency section */
		4D3D295118D726CE008DFEDE /* PBXTargetDependency */ = {
			isa = PBXTargetDependency;
			target = 4D3D292F18D726CE008DFEDE /* Mnemo */;
			targetProxy = 4D3D295018D726CE008DFEDE /* PBXContainerItemProxy */;
		};
/* End PBXTargetDependency section */

/* Begin PBXVariantGroup section */
		4D3D293C18D726CE008DFEDE /* InfoPlist.strings */ = {
			isa = PBXVariantGroup;
			children = (
				4D3D293D18D726CE008DFEDE /* en */,
			);
			name = InfoPlist.strings;
			sourceTree = "<group>";
		};
		4D3D295518D726CE008DFEDE /* InfoPlist.strings */ = {
			isa = PBXVariantGroup;
			children = (
				4D3D295618D726CE008DFEDE /* en */,
			);
			name = InfoPlist.strings;
			sourceTree = "<group>";
		};
/* End PBXVariantGroup section */

/* Begin XCBuildConfiguration section */
		4D3D295A18D726CE008DFEDE /* Debug */ = {
			isa = XCBuildConfiguration;
			buildSettings = {
				ALWAYS_SEARCH_USER_PATHS = NO;
				CLANG_CXX_LANGUAGE_STANDARD = "gnu++0x";
				CLANG_CXX_LIBRARY = "libc++";
				CLANG_ENABLE_MODULES = YES;
				CLANG_ENABLE_OBJC_ARC = YES;
				CLANG_WARN_BOOL_CONVERSION = YES;
				CLANG_WARN_CONSTANT_CONVERSION = YES;
				CLANG_WARN_DIRECT_OBJC_ISA_USAGE = YES_ERROR;
				CLANG_WARN_EMPTY_BODY = YES;
				CLANG_WARN_ENUM_CONVERSION = YES;
				CLANG_WARN_INT_CONVERSION = YES;
				CLANG_WARN_OBJC_ROOT_CLASS = YES_ERROR;
				CLANG_WARN__DUPLICATE_METHOD_MATCH = YES;
				"CODE_SIGN_IDENTITY[sdk=iphoneos*]" = "iPhone Developer";
				COPY_PHASE_STRIP = NO;
				GCC_C_LANGUAGE_STANDARD = gnu99;
				GCC_DYNAMIC_NO_PIC = NO;
				GCC_OPTIMIZATION_LEVEL = 0;
				GCC_PREPROCESSOR_DEFINITIONS = (
					"DEBUG=1",
					"$(inherited)",
				);
				GCC_SYMBOLS_PRIVATE_EXTERN = NO;
				GCC_WARN_64_TO_32_BIT_CONVERSION = YES;
				GCC_WARN_ABOUT_RETURN_TYPE = YES_ERROR;
				GCC_WARN_UNDECLARED_SELECTOR = YES;
				GCC_WARN_UNINITIALIZED_AUTOS = YES_AGGRESSIVE;
				GCC_WARN_UNUSED_FUNCTION = YES;
				GCC_WARN_UNUSED_VARIABLE = YES;
				IPHONEOS_DEPLOYMENT_TARGET = 7.1;
				ONLY_ACTIVE_ARCH = YES;
				SDKROOT = iphoneos;
			};
			name = Debug;
		};
		4D3D295B18D726CE008DFEDE /* Release */ = {
			isa = XCBuildConfiguration;
			buildSettings = {
				ALWAYS_SEARCH_USER_PATHS = NO;
				CLANG_CXX_LANGUAGE_STANDARD = "gnu++0x";
				CLANG_CXX_LIBRARY = "libc++";
				CLANG_ENABLE_MODULES = YES;
				CLANG_ENABLE_OBJC_ARC = YES;
				CLANG_WARN_BOOL_CONVERSION = YES;
				CLANG_WARN_CONSTANT_CONVERSION = YES;
				CLANG_WARN_DIRECT_OBJC_ISA_USAGE = YES_ERROR;
				CLANG_WARN_EMPTY_BODY = YES;
				CLANG_WARN_ENUM_CONVERSION = YES;
				CLANG_WARN_INT_CONVERSION = YES;
				CLANG_WARN_OBJC_ROOT_CLASS = YES_ERROR;
				CLANG_WARN__DUPLICATE_METHOD_MATCH = YES;
				"CODE_SIGN_IDENTITY[sdk=iphoneos*]" = "iPhone Developer";
				COPY_PHASE_STRIP = YES;
				ENABLE_NS_ASSERTIONS = NO;
				GCC_C_LANGUAGE_STANDARD = gnu99;
				GCC_WARN_64_TO_32_BIT_CONVERSION = YES;
				GCC_WARN_ABOUT_RETURN_TYPE = YES_ERROR;
				GCC_WARN_UNDECLARED_SELECTOR = YES;
				GCC_WARN_UNINITIALIZED_AUTOS = YES_AGGRESSIVE;
				GCC_WARN_UNUSED_FUNCTION = YES;
				GCC_WARN_UNUSED_VARIABLE = YES;
				IPHONEOS_DEPLOYMENT_TARGET = 7.1;
				SDKROOT = iphoneos;
				VALIDATE_PRODUCT = YES;
			};
			name = Release;
		};
		4D3D295D18D726CE008DFEDE /* Debug */ = {
			isa = XCBuildConfiguration;
			buildSettings = {
				ASSETCATALOG_COMPILER_APPICON_NAME = AppIcon;
				ASSETCATALOG_COMPILER_LAUNCHIMAGE_NAME = LaunchImage;
				GCC_PRECOMPILE_PREFIX_HEADER = YES;
				GCC_PREFIX_HEADER = "Mnemo/Mnemo-Prefix.pch";
				INFOPLIST_FILE = "Mnemo/Mnemo-Info.plist";
				PRODUCT_NAME = "$(TARGET_NAME)";
				WRAPPER_EXTENSION = app;
			};
			name = Debug;
		};
		4D3D295E18D726CE008DFEDE /* Release */ = {
			isa = XCBuildConfiguration;
			buildSettings = {
				ASSETCATALOG_COMPILER_APPICON_NAME = AppIcon;
				ASSETCATALOG_COMPILER_LAUNCHIMAGE_NAME = LaunchImage;
				GCC_PRECOMPILE_PREFIX_HEADER = YES;
				GCC_PREFIX_HEADER = "Mnemo/Mnemo-Prefix.pch";
				INFOPLIST_FILE = "Mnemo/Mnemo-Info.plist";
				PRODUCT_NAME = "$(TARGET_NAME)";
				WRAPPER_EXTENSION = app;
			};
			name = Release;
		};
		4D3D296018D726CE008DFEDE /* Debug */ = {
			isa = XCBuildConfiguration;
			buildSettings = {
				BUNDLE_LOADER = "$(BUILT_PRODUCTS_DIR)/Mnemo.app/Mnemo";
				FRAMEWORK_SEARCH_PATHS = (
					"$(SDKROOT)/Developer/Library/Frameworks",
					"$(inherited)",
					"$(DEVELOPER_FRAMEWORKS_DIR)",
				);
				GCC_PRECOMPILE_PREFIX_HEADER = YES;
				GCC_PREFIX_HEADER = "Mnemo/Mnemo-Prefix.pch";
				GCC_PREPROCESSOR_DEFINITIONS = (
					"DEBUG=1",
					"$(inherited)",
				);
				INFOPLIST_FILE = "MnemoTests/MnemoTests-Info.plist";
				PRODUCT_NAME = "$(TARGET_NAME)";
				TEST_HOST = "$(BUNDLE_LOADER)";
				WRAPPER_EXTENSION = xctest;
			};
			name = Debug;
		};
		4D3D296118D726CE008DFEDE /* Release */ = {
			isa = XCBuildConfiguration;
			buildSettings = {
				BUNDLE_LOADER = "$(BUILT_PRODUCTS_DIR)/Mnemo.app/Mnemo";
				FRAMEWORK_SEARCH_PATHS = (
					"$(SDKROOT)/Developer/Library/Frameworks",
					"$(inherited)",
					"$(DEVELOPER_FRAMEWORKS_DIR)",
				);
				GCC_PRECOMPILE_PREFIX_HEADER = YES;
				GCC_PREFIX_HEADER = "Mnemo/Mnemo-Prefix.pch";
				INFOPLIST_FILE = "MnemoTests/MnemoTests-Info.plist";
				PRODUCT_NAME = "$(TARGET_NAME)";
				TEST_HOST = "$(BUNDLE_LOADER)";
				WRAPPER_EXTENSION = xctest;
			};
			name = Release;
		};
/* End XCBuildConfiguration section */

/* Begin XCConfigurationList section */
		4D3D292B18D726CE008DFEDE /* Build configuration list for PBXProject "Mnemo" */ = {
			isa = XCConfigurationList;
			buildConfigurations = (
				4D3D295A18D726CE008DFEDE /* Debug */,
				4D3D295B18D726CE008DFEDE /* Release */,
			);
			defaultConfigurationIsVisible = 0;
			defaultConfigurationName = Release;
		};
		4D3D295C18D726CE008DFEDE /* Build configuration list for PBXNativeTarget "Mnemo" */ = {
			isa = XCConfigurationList;
			buildConfigurations = (
				4D3D295D18D726CE008DFEDE /* Debug */,
				4D3D295E18D726CE008DFEDE /* Release */,
			);
			defaultConfigurationIsVisible = 0;
			defaultConfigurationName = Release;
		};
		4D3D295F18D726CE008DFEDE /* Build configuration list for PBXNativeTarget "MnemoTests" */ = {
			isa = XCConfigurationList;
			buildConfigurations = (
				4D3D296018D726CE008DFEDE /* Debug */,
				4D3D296118D726CE008DFEDE /* Release */,
			);
			defaultConfigurationIsVisible = 0;
			defaultConfigurationName = Release;
		};
/* End XCConfigurationList section */
	};
	rootObject = 4D3D292818D726CE008DFEDE /* Project object */;
}
